
Microsoft Visual Studio Solution File, Format Version 12.00
# Visual Studio Version 17
VisualStudioVersion = 17.0.31919.166
MinimumVisualStudioVersion = 10.0.40219.1
Project("{9A19103F-16F7-4668-BE54-9A1E7A4F7556}") = "ogo", "ogo\ogo.csproj", "{521D5CD8-4FEF-4FE7-AA82-14200CC2E977}"
EndProject
Project("{FAE04EC0-301F-11D3-BF4B-00C04F79EFBC}") = "BMI", "BMI\BMI.csproj", "{74C39AFB-BA06-40E2-B7C3-AC2ACF1D8C39}"
EndProject
Global
	GlobalSection(SolutionConfigurationPlatforms) = preSolution
		Debug|Any CPU = Debug|Any CPU
		Release|Any CPU = Release|Any CPU
	EndGlobalSection
	GlobalSection(ProjectConfigurationPlatforms) = postSolution
		{521D5CD8-4FEF-4FE7-AA82-14200CC2E977}.Debug|Any CPU.ActiveCfg = Debug|Any CPU
		{521D5CD8-4FEF-4FE7-AA82-14200CC2E977}.Debug|Any CPU.Build.0 = Debug|Any CPU
		{521D5CD8-4FEF-4FE7-AA82-14200CC2E977}.Release|Any CPU.ActiveCfg = Release|Any CPU
		{521D5CD8-4FEF-4FE7-AA82-14200CC2E977}.Release|Any CPU.Build.0 = Release|Any CPU
		{74C39AFB-BA06-40E2-B7C3-AC2ACF1D8C39}.Debug|Any CPU.ActiveCfg = Debug|Any CPU
		{74C39AFB-BA06-40E2-B7C3-AC2ACF1D8C39}.Debug|Any CPU.Build.0 = Debug|Any CPU
		{74C39AFB-BA06-40E2-B7C3-AC2ACF1D8C39}.Release|Any CPU.ActiveCfg = Release|Any CPU
		{74C39AFB-BA06-40E2-B7C3-AC2ACF1D8C39}.Release|Any CPU.Build.0 = Release|Any CPU
	EndGlobalSection
	GlobalSection(SolutionProperties) = preSolution
		HideSolutionNode = FALSE
	EndGlobalSection
	GlobalSection(ExtensibilityGlobals) = postSolution
		SolutionGuid = {D16FF2B2-8FD6-4F59-9749-2AD91350F056}
	EndGlobalSection
EndGlobal
